
Microsoft Visual Studio Solution File, Format Version 12.00
# Visual Studio 15
Project("{FAE04EC0-301F-11D3-BF4B-00C04F79EFBC}") = "Assembly-CSharp", "Assembly-CSharp.csproj", "{712276B7-6783-EA90-B195-B81D2D838EBB}"
EndProject
Project("{FAE04EC0-301F-11D3-BF4B-00C04F79EFBC}") = "PathCreator", "PathCreator.csproj", "{6732737D-C07C-AE15-9DD0-05CDCD586B14}"
EndProject
Project("{FAE04EC0-301F-11D3-BF4B-00C04F79EFBC}") = "Assembly-CSharp-Editor", "Assembly-CSharp-Editor.csproj", "{CDD853B1-8936-D245-46EE-58D72DAC4F53}"
EndProject
Project("{FAE04EC0-301F-11D3-BF4B-00C04F79EFBC}") = "PathCreatorEditor", "PathCreatorEditor.csproj", "{ECCCFAE8-42DB-7AAE-0676-6F41E04860D6}"
EndProject
Global
	GlobalSection(SolutionConfigurationPlatforms) = preSolution
		Debug|Any CPU = Debug|Any CPU
		Release|Any CPU = Release|Any CPU
	EndGlobalSection
	GlobalSection(ProjectConfigurationPlatforms) = postSolution
		{712276B7-6783-EA90-B195-B81D2D838EBB}.Debug|Any CPU.ActiveCfg = Debug|Any CPU
		{712276B7-6783-EA90-B195-B81D2D838EBB}.Debug|Any CPU.Build.0 = Debug|Any CPU
		{712276B7-6783-EA90-B195-B81D2D838EBB}.Release|Any CPU.ActiveCfg = Release|Any CPU
		{712276B7-6783-EA90-B195-B81D2D838EBB}.Release|Any CPU.Build.0 = Release|Any CPU
		{6732737D-C07C-AE15-9DD0-05CDCD586B14}.Debug|Any CPU.ActiveCfg = Debug|Any CPU
		{6732737D-C07C-AE15-9DD0-05CDCD586B14}.Debug|Any CPU.Build.0 = Debug|Any CPU
		{6732737D-C07C-AE15-9DD0-05CDCD586B14}.Release|Any CPU.ActiveCfg = Release|Any CPU
		{6732737D-C07C-AE15-9DD0-05CDCD586B14}.Release|Any CPU.Build.0 = Release|Any CPU
		{CDD853B1-8936-D245-46EE-58D72DAC4F53}.Debug|Any CPU.ActiveCfg = Debug|Any CPU
		{CDD853B1-8936-D245-46EE-58D72DAC4F53}.Debug|Any CPU.Build.0 = Debug|Any CPU
		{CDD853B1-8936-D245-46EE-58D72DAC4F53}.Release|Any CPU.ActiveCfg = Release|Any CPU
		{CDD853B1-8936-D245-46EE-58D72DAC4F53}.Release|Any CPU.Build.0 = Release|Any CPU
		{ECCCFAE8-42DB-7AAE-0676-6F41E04860D6}.Debug|Any CPU.ActiveCfg = Debug|Any CPU
		{ECCCFAE8-42DB-7AAE-0676-6F41E04860D6}.Debug|Any CPU.Build.0 = Debug|Any CPU
		{ECCCFAE8-42DB-7AAE-0676-6F41E04860D6}.Release|Any CPU.ActiveCfg = Release|Any CPU
		{ECCCFAE8-42DB-7AAE-0676-6F41E04860D6}.Release|Any CPU.Build.0 = Release|Any CPU
	EndGlobalSection
	GlobalSection(SolutionProperties) = preSolution
		HideSolutionNode = FALSE
	EndGlobalSection
EndGlobal
